
Microsoft Visual Studio Solution File, Format Version 12.00
# Visual Studio Version 16
VisualStudioVersion = 16.0.29102.190
MinimumVisualStudioVersion = 10.0.40219.1
Project("{FAE04EC0-301F-11D3-BF4B-00C04F79EFBC}") = "BancoCeSharp", "BancoCeSharp\BancoCeSharp.csproj", "{F2FAEC4A-5314-425E-A5C4-813999C6458F}"
EndProject
Global
	GlobalSection(SolutionConfigurationPlatforms) = preSolution
		Debug|Any CPU = Debug|Any CPU
		Release|Any CPU = Release|Any CPU
	EndGlobalSection
	GlobalSection(ProjectConfigurationPlatforms) = postSolution
		{F2FAEC4A-5314-425E-A5C4-813999C6458F}.Debug|Any CPU.ActiveCfg = Debug|Any CPU
		{F2FAEC4A-5314-425E-A5C4-813999C6458F}.Debug|Any CPU.Build.0 = Debug|Any CPU
		{F2FAEC4A-5314-425E-A5C4-813999C6458F}.Release|Any CPU.ActiveCfg = Release|Any CPU
		{F2FAEC4A-5314-425E-A5C4-813999C6458F}.Release|Any CPU.Build.0 = Release|Any CPU
	EndGlobalSection
	GlobalSection(SolutionProperties) = preSolution
		HideSolutionNode = FALSE
	EndGlobalSection
	GlobalSection(ExtensibilityGlobals) = postSolution
		SolutionGuid = {BE2F0085-EB02-4887-BCF4-4BFC9A55E790}
	EndGlobalSection
EndGlobal
