
Microsoft Visual Studio Solution File, Format Version 12.00
# Visual Studio Version 16
VisualStudioVersion = 16.0.29102.190
MinimumVisualStudioVersion = 10.0.40219.1
Project("{FAE04EC0-301F-11D3-BF4B-00C04F79EFBC}") = "MostrarJoinhaClass", "MostrarJoinhaClass\MostrarJoinhaClass.csproj", "{66808ED1-41A9-46EC-B299-2380A32565A2}"
EndProject
Project("{FAE04EC0-301F-11D3-BF4B-00C04F79EFBC}") = "UsandoBibliotecaJoin", "UsandoBibliotecaJoin\UsandoBibliotecaJoin.csproj", "{93A63235-4E64-46B4-8A8A-EA826484DBD8}"
EndProject
Global
	GlobalSection(SolutionConfigurationPlatforms) = preSolution
		Debug|Any CPU = Debug|Any CPU
		Release|Any CPU = Release|Any CPU
	EndGlobalSection
	GlobalSection(ProjectConfigurationPlatforms) = postSolution
		{66808ED1-41A9-46EC-B299-2380A32565A2}.Debug|Any CPU.ActiveCfg = Debug|Any CPU
		{66808ED1-41A9-46EC-B299-2380A32565A2}.Debug|Any CPU.Build.0 = Debug|Any CPU
		{66808ED1-41A9-46EC-B299-2380A32565A2}.Release|Any CPU.ActiveCfg = Release|Any CPU
		{66808ED1-41A9-46EC-B299-2380A32565A2}.Release|Any CPU.Build.0 = Release|Any CPU
		{93A63235-4E64-46B4-8A8A-EA826484DBD8}.Debug|Any CPU.ActiveCfg = Debug|Any CPU
		{93A63235-4E64-46B4-8A8A-EA826484DBD8}.Debug|Any CPU.Build.0 = Debug|Any CPU
		{93A63235-4E64-46B4-8A8A-EA826484DBD8}.Release|Any CPU.ActiveCfg = Release|Any CPU
		{93A63235-4E64-46B4-8A8A-EA826484DBD8}.Release|Any CPU.Build.0 = Release|Any CPU
	EndGlobalSection
	GlobalSection(SolutionProperties) = preSolution
		HideSolutionNode = FALSE
	EndGlobalSection
	GlobalSection(ExtensibilityGlobals) = postSolution
		SolutionGuid = {FAC32D3E-5B77-42FB-9F44-16AC158143DE}
	EndGlobalSection
EndGlobal
