
Microsoft Visual Studio Solution File, Format Version 12.00
# Visual Studio Version 16
VisualStudioVersion = 16.0.29102.190
MinimumVisualStudioVersion = 10.0.40219.1
Project("{FAE04EC0-301F-11D3-BF4B-00C04F79EFBC}") = "TCC_API_Locadora_Garagem", "TCC_API_Locadora_Garagem\TCC_API_Locadora_Garagem.csproj", "{CC2BF8D7-260C-4291-BC8C-22BE5D5D46EA}"
EndProject
Global
	GlobalSection(SolutionConfigurationPlatforms) = preSolution
		Debug|Any CPU = Debug|Any CPU
		Release|Any CPU = Release|Any CPU
	EndGlobalSection
	GlobalSection(ProjectConfigurationPlatforms) = postSolution
		{CC2BF8D7-260C-4291-BC8C-22BE5D5D46EA}.Debug|Any CPU.ActiveCfg = Debug|Any CPU
		{CC2BF8D7-260C-4291-BC8C-22BE5D5D46EA}.Debug|Any CPU.Build.0 = Debug|Any CPU
		{CC2BF8D7-260C-4291-BC8C-22BE5D5D46EA}.Release|Any CPU.ActiveCfg = Release|Any CPU
		{CC2BF8D7-260C-4291-BC8C-22BE5D5D46EA}.Release|Any CPU.Build.0 = Release|Any CPU
	EndGlobalSection
	GlobalSection(SolutionProperties) = preSolution
		HideSolutionNode = FALSE
	EndGlobalSection
	GlobalSection(ExtensibilityGlobals) = postSolution
		SolutionGuid = {D30E8449-C6B9-4BE5-B0F0-71589E02FC43}
	EndGlobalSection
EndGlobal
