
Microsoft Visual Studio Solution File, Format Version 12.00
# Visual Studio Version 16
VisualStudioVersion = 16.0.29102.190
MinimumVisualStudioVersion = 10.0.40219.1
Project("{FAE04EC0-301F-11D3-BF4B-00C04F79EFBC}") = "MeuCarro4x4Class", "MeuCarro4x4Class.csproj", "{45F55D81-D09F-438E-BC55-6AE728789AD5}"
EndProject
Global
	GlobalSection(SolutionConfigurationPlatforms) = preSolution
		Debug|Any CPU = Debug|Any CPU
		Release|Any CPU = Release|Any CPU
	EndGlobalSection
	GlobalSection(ProjectConfigurationPlatforms) = postSolution
		{45F55D81-D09F-438E-BC55-6AE728789AD5}.Debug|Any CPU.ActiveCfg = Debug|Any CPU
		{45F55D81-D09F-438E-BC55-6AE728789AD5}.Debug|Any CPU.Build.0 = Debug|Any CPU
		{45F55D81-D09F-438E-BC55-6AE728789AD5}.Release|Any CPU.ActiveCfg = Release|Any CPU
		{45F55D81-D09F-438E-BC55-6AE728789AD5}.Release|Any CPU.Build.0 = Release|Any CPU
	EndGlobalSection
	GlobalSection(SolutionProperties) = preSolution
		HideSolutionNode = FALSE
	EndGlobalSection
	GlobalSection(ExtensibilityGlobals) = postSolution
		SolutionGuid = {024AE7CC-AB3C-4D4B-93AD-73E96288BFA5}
	EndGlobalSection
EndGlobal
