
Microsoft Visual Studio Solution File, Format Version 12.00
# Visual Studio Version 16
VisualStudioVersion = 16.0.29102.190
MinimumVisualStudioVersion = 10.0.40219.1
Project("{FAE04EC0-301F-11D3-BF4B-00C04F79EFBC}") = "WebApi", "WebApi\WebApi.csproj", "{94747678-0A67-4C54-A7CC-AD1D0758ADF8}"
EndProject
Global
	GlobalSection(SolutionConfigurationPlatforms) = preSolution
		Debug|Any CPU = Debug|Any CPU
		Release|Any CPU = Release|Any CPU
	EndGlobalSection
	GlobalSection(ProjectConfigurationPlatforms) = postSolution
		{94747678-0A67-4C54-A7CC-AD1D0758ADF8}.Debug|Any CPU.ActiveCfg = Debug|Any CPU
		{94747678-0A67-4C54-A7CC-AD1D0758ADF8}.Debug|Any CPU.Build.0 = Debug|Any CPU
		{94747678-0A67-4C54-A7CC-AD1D0758ADF8}.Release|Any CPU.ActiveCfg = Release|Any CPU
		{94747678-0A67-4C54-A7CC-AD1D0758ADF8}.Release|Any CPU.Build.0 = Release|Any CPU
	EndGlobalSection
	GlobalSection(SolutionProperties) = preSolution
		HideSolutionNode = FALSE
	EndGlobalSection
	GlobalSection(ExtensibilityGlobals) = postSolution
		SolutionGuid = {E374E497-6021-496E-8EC7-B5B316376967}
	EndGlobalSection
EndGlobal
