
Microsoft Visual Studio Solution File, Format Version 12.00
# Visual Studio Version 16
VisualStudioVersion = 16.0.29102.190
MinimumVisualStudioVersion = 10.0.40219.1
Project("{FAE04EC0-301F-11D3-BF4B-00C04F79EFBC}") = "ListaBiDeManeiraSimples", "ListaBiDeManeiraSimples.csproj", "{586ED16E-773F-46E1-9F18-47B146C7886D}"
EndProject
Global
	GlobalSection(SolutionConfigurationPlatforms) = preSolution
		Debug|Any CPU = Debug|Any CPU
		Release|Any CPU = Release|Any CPU
	EndGlobalSection
	GlobalSection(ProjectConfigurationPlatforms) = postSolution
		{586ED16E-773F-46E1-9F18-47B146C7886D}.Debug|Any CPU.ActiveCfg = Debug|Any CPU
		{586ED16E-773F-46E1-9F18-47B146C7886D}.Debug|Any CPU.Build.0 = Debug|Any CPU
		{586ED16E-773F-46E1-9F18-47B146C7886D}.Release|Any CPU.ActiveCfg = Release|Any CPU
		{586ED16E-773F-46E1-9F18-47B146C7886D}.Release|Any CPU.Build.0 = Release|Any CPU
	EndGlobalSection
	GlobalSection(SolutionProperties) = preSolution
		HideSolutionNode = FALSE
	EndGlobalSection
	GlobalSection(ExtensibilityGlobals) = postSolution
		SolutionGuid = {FF91AC9F-7C3F-4FF9-AC06-C08B5B274765}
	EndGlobalSection
EndGlobal
