
Microsoft Visual Studio Solution File, Format Version 12.00
# Visual Studio Version 16
VisualStudioVersion = 16.0.29102.190
MinimumVisualStudioVersion = 10.0.40219.1
Project("{FAE04EC0-301F-11D3-BF4B-00C04F79EFBC}") = "Beeb", "Beeb.csproj", "{29F7F603-FD03-42D8-BDBE-77E3EFF0260E}"
EndProject
Global
	GlobalSection(SolutionConfigurationPlatforms) = preSolution
		Debug|Any CPU = Debug|Any CPU
		Release|Any CPU = Release|Any CPU
	EndGlobalSection
	GlobalSection(ProjectConfigurationPlatforms) = postSolution
		{29F7F603-FD03-42D8-BDBE-77E3EFF0260E}.Debug|Any CPU.ActiveCfg = Debug|Any CPU
		{29F7F603-FD03-42D8-BDBE-77E3EFF0260E}.Debug|Any CPU.Build.0 = Debug|Any CPU
		{29F7F603-FD03-42D8-BDBE-77E3EFF0260E}.Release|Any CPU.ActiveCfg = Release|Any CPU
		{29F7F603-FD03-42D8-BDBE-77E3EFF0260E}.Release|Any CPU.Build.0 = Release|Any CPU
	EndGlobalSection
	GlobalSection(SolutionProperties) = preSolution
		HideSolutionNode = FALSE
	EndGlobalSection
	GlobalSection(ExtensibilityGlobals) = postSolution
		SolutionGuid = {D45DF83C-716F-45ED-AA32-442088E45F05}
	EndGlobalSection
EndGlobal
