
Microsoft Visual Studio Solution File, Format Version 12.00
# Visual Studio Version 16
VisualStudioVersion = 16.0.29102.190
MinimumVisualStudioVersion = 10.0.40219.1
Project("{FAE04EC0-301F-11D3-BF4B-00C04F79EFBC}") = "TrabalhoFinalApi", "TrabalhoFinalApi\TrabalhoFinalApi.csproj", "{69DEFDB3-CEFE-4605-8187-0C758E7CC282}"
EndProject
Global
	GlobalSection(SolutionConfigurationPlatforms) = preSolution
		Debug|Any CPU = Debug|Any CPU
		Release|Any CPU = Release|Any CPU
	EndGlobalSection
	GlobalSection(ProjectConfigurationPlatforms) = postSolution
		{69DEFDB3-CEFE-4605-8187-0C758E7CC282}.Debug|Any CPU.ActiveCfg = Debug|Any CPU
		{69DEFDB3-CEFE-4605-8187-0C758E7CC282}.Debug|Any CPU.Build.0 = Debug|Any CPU
		{69DEFDB3-CEFE-4605-8187-0C758E7CC282}.Release|Any CPU.ActiveCfg = Release|Any CPU
		{69DEFDB3-CEFE-4605-8187-0C758E7CC282}.Release|Any CPU.Build.0 = Release|Any CPU
	EndGlobalSection
	GlobalSection(SolutionProperties) = preSolution
		HideSolutionNode = FALSE
	EndGlobalSection
	GlobalSection(ExtensibilityGlobals) = postSolution
		SolutionGuid = {345E2C9B-7B62-4689-B7CA-CAD3066706E2}
	EndGlobalSection
EndGlobal
