
Microsoft Visual Studio Solution File, Format Version 12.00
# Visual Studio Version 16
VisualStudioVersion = 16.0.29025.244
MinimumVisualStudioVersion = 10.0.40219.1
Project("{FAE04EC0-301F-11D3-BF4B-00C04F79EFBC}") = "SistemaLocadoraAmbev", "SistemaLocadoraAmbev.csproj", "{289CF948-651B-4EDD-B6BA-28AAF35468C6}"
EndProject
Global
	GlobalSection(SolutionConfigurationPlatforms) = preSolution
		Debug|Any CPU = Debug|Any CPU
		Release|Any CPU = Release|Any CPU
	EndGlobalSection
	GlobalSection(ProjectConfigurationPlatforms) = postSolution
		{289CF948-651B-4EDD-B6BA-28AAF35468C6}.Debug|Any CPU.ActiveCfg = Debug|Any CPU
		{289CF948-651B-4EDD-B6BA-28AAF35468C6}.Debug|Any CPU.Build.0 = Debug|Any CPU
		{289CF948-651B-4EDD-B6BA-28AAF35468C6}.Release|Any CPU.ActiveCfg = Release|Any CPU
		{289CF948-651B-4EDD-B6BA-28AAF35468C6}.Release|Any CPU.Build.0 = Release|Any CPU
	EndGlobalSection
	GlobalSection(SolutionProperties) = preSolution
		HideSolutionNode = FALSE
	EndGlobalSection
	GlobalSection(ExtensibilityGlobals) = postSolution
		SolutionGuid = {AF52DC17-75B3-47AF-96F1-3E403C3DB6D6}
	EndGlobalSection
EndGlobal
