
Microsoft Visual Studio Solution File, Format Version 12.00
# Visual Studio Version 16
VisualStudioVersion = 16.0.29102.190
MinimumVisualStudioVersion = 10.0.40219.1
Project("{FAE04EC0-301F-11D3-BF4B-00C04F79EFBC}") = "SistemaCantinaGG1", "SistemaCantinaGG1\SistemaCantinaGG1.csproj", "{4BDD6A6A-EC0B-4497-ABA1-72FDC2B158B5}"
EndProject
Global
	GlobalSection(SolutionConfigurationPlatforms) = preSolution
		Debug|Any CPU = Debug|Any CPU
		Release|Any CPU = Release|Any CPU
	EndGlobalSection
	GlobalSection(ProjectConfigurationPlatforms) = postSolution
		{4BDD6A6A-EC0B-4497-ABA1-72FDC2B158B5}.Debug|Any CPU.ActiveCfg = Debug|Any CPU
		{4BDD6A6A-EC0B-4497-ABA1-72FDC2B158B5}.Debug|Any CPU.Build.0 = Debug|Any CPU
		{4BDD6A6A-EC0B-4497-ABA1-72FDC2B158B5}.Release|Any CPU.ActiveCfg = Release|Any CPU
		{4BDD6A6A-EC0B-4497-ABA1-72FDC2B158B5}.Release|Any CPU.Build.0 = Release|Any CPU
	EndGlobalSection
	GlobalSection(SolutionProperties) = preSolution
		HideSolutionNode = FALSE
	EndGlobalSection
	GlobalSection(ExtensibilityGlobals) = postSolution
		SolutionGuid = {7238D14C-69E3-4EF4-9F62-1E7106D7706C}
	EndGlobalSection
EndGlobal
