
Microsoft Visual Studio Solution File, Format Version 12.00
# Visual Studio Version 16
VisualStudioVersion = 16.0.29102.190
MinimumVisualStudioVersion = 10.0.40219.1
Project("{FAE04EC0-301F-11D3-BF4B-00C04F79EFBC}") = "CadastrarCarros", "CadastrarCarros\CadastrarCarros.csproj", "{0881048A-D05D-4E52-84C4-13D3B4DDDBE6}"
EndProject
Global
	GlobalSection(SolutionConfigurationPlatforms) = preSolution
		Debug|Any CPU = Debug|Any CPU
		Release|Any CPU = Release|Any CPU
	EndGlobalSection
	GlobalSection(ProjectConfigurationPlatforms) = postSolution
		{0881048A-D05D-4E52-84C4-13D3B4DDDBE6}.Debug|Any CPU.ActiveCfg = Debug|Any CPU
		{0881048A-D05D-4E52-84C4-13D3B4DDDBE6}.Debug|Any CPU.Build.0 = Debug|Any CPU
		{0881048A-D05D-4E52-84C4-13D3B4DDDBE6}.Release|Any CPU.ActiveCfg = Release|Any CPU
		{0881048A-D05D-4E52-84C4-13D3B4DDDBE6}.Release|Any CPU.Build.0 = Release|Any CPU
	EndGlobalSection
	GlobalSection(SolutionProperties) = preSolution
		HideSolutionNode = FALSE
	EndGlobalSection
	GlobalSection(ExtensibilityGlobals) = postSolution
		SolutionGuid = {493C5B95-0FC1-4592-959B-FC9C0A55017D}
	EndGlobalSection
EndGlobal
