
Microsoft Visual Studio Solution File, Format Version 12.00
# Visual Studio Version 16
VisualStudioVersion = 16.0.29102.190
MinimumVisualStudioVersion = 10.0.40219.1
Project("{FAE04EC0-301F-11D3-BF4B-00C04F79EFBC}") = "AdicionandoValoresAUmaLista", "AdicionandoValoresAUmaLista.csproj", "{58932744-C4E2-4D86-848A-FD0D035870D7}"
EndProject
Global
	GlobalSection(SolutionConfigurationPlatforms) = preSolution
		Debug|Any CPU = Debug|Any CPU
		Release|Any CPU = Release|Any CPU
	EndGlobalSection
	GlobalSection(ProjectConfigurationPlatforms) = postSolution
		{58932744-C4E2-4D86-848A-FD0D035870D7}.Debug|Any CPU.ActiveCfg = Debug|Any CPU
		{58932744-C4E2-4D86-848A-FD0D035870D7}.Debug|Any CPU.Build.0 = Debug|Any CPU
		{58932744-C4E2-4D86-848A-FD0D035870D7}.Release|Any CPU.ActiveCfg = Release|Any CPU
		{58932744-C4E2-4D86-848A-FD0D035870D7}.Release|Any CPU.Build.0 = Release|Any CPU
	EndGlobalSection
	GlobalSection(SolutionProperties) = preSolution
		HideSolutionNode = FALSE
	EndGlobalSection
	GlobalSection(ExtensibilityGlobals) = postSolution
		SolutionGuid = {0F612868-9D2A-4EBD-B61F-7C83575673A0}
	EndGlobalSection
EndGlobal
