
Microsoft Visual Studio Solution File, Format Version 12.00
# Visual Studio Version 16
VisualStudioVersion = 16.0.29102.190
MinimumVisualStudioVersion = 10.0.40219.1
Project("{FAE04EC0-301F-11D3-BF4B-00C04F79EFBC}") = "CriacaoDeLista12", "CriacaoDeLista12.csproj", "{1041CA05-71BA-40E6-877E-60B523255590}"
EndProject
Global
	GlobalSection(SolutionConfigurationPlatforms) = preSolution
		Debug|Any CPU = Debug|Any CPU
		Release|Any CPU = Release|Any CPU
	EndGlobalSection
	GlobalSection(ProjectConfigurationPlatforms) = postSolution
		{1041CA05-71BA-40E6-877E-60B523255590}.Debug|Any CPU.ActiveCfg = Debug|Any CPU
		{1041CA05-71BA-40E6-877E-60B523255590}.Debug|Any CPU.Build.0 = Debug|Any CPU
		{1041CA05-71BA-40E6-877E-60B523255590}.Release|Any CPU.ActiveCfg = Release|Any CPU
		{1041CA05-71BA-40E6-877E-60B523255590}.Release|Any CPU.Build.0 = Release|Any CPU
	EndGlobalSection
	GlobalSection(SolutionProperties) = preSolution
		HideSolutionNode = FALSE
	EndGlobalSection
	GlobalSection(ExtensibilityGlobals) = postSolution
		SolutionGuid = {D4CCE9C5-FE08-411B-9140-B1E7C8A4F490}
	EndGlobalSection
EndGlobal
