
Microsoft Visual Studio Solution File, Format Version 12.00
# Visual Studio Version 16
VisualStudioVersion = 16.0.29102.190
MinimumVisualStudioVersion = 10.0.40219.1
Project("{FAE04EC0-301F-11D3-BF4B-00C04F79EFBC}") = "TesteClasseHbsis", "TesteClasseHbsis\TesteClasseHbsis.csproj", "{62742D78-41BE-4D2C-A50A-A7E5B14F7677}"
EndProject
Global
	GlobalSection(SolutionConfigurationPlatforms) = preSolution
		Debug|Any CPU = Debug|Any CPU
		Release|Any CPU = Release|Any CPU
	EndGlobalSection
	GlobalSection(ProjectConfigurationPlatforms) = postSolution
		{62742D78-41BE-4D2C-A50A-A7E5B14F7677}.Debug|Any CPU.ActiveCfg = Debug|Any CPU
		{62742D78-41BE-4D2C-A50A-A7E5B14F7677}.Debug|Any CPU.Build.0 = Debug|Any CPU
		{62742D78-41BE-4D2C-A50A-A7E5B14F7677}.Release|Any CPU.ActiveCfg = Release|Any CPU
		{62742D78-41BE-4D2C-A50A-A7E5B14F7677}.Release|Any CPU.Build.0 = Release|Any CPU
	EndGlobalSection
	GlobalSection(SolutionProperties) = preSolution
		HideSolutionNode = FALSE
	EndGlobalSection
	GlobalSection(ExtensibilityGlobals) = postSolution
		SolutionGuid = {C1F8AA24-D5A4-4536-B9AA-61CA26A9C66C}
	EndGlobalSection
EndGlobal
